// !$*UTF8*$!
{
	archiveVersion = 1;
	classes = {
	};
	objectVersion = 46;
	objects = {

/* Begin PBXBuildFile section */
		5048580E1F71044B00D57AD5 /* AlgorithmTest.swift in Sources */ = {isa = PBXBuildFile; fileRef = 5048580D1F71044B00D57AD5 /* AlgorithmTest.swift */; };
		504858111F7104AF00D57AD5 /* kakaoTest.swift in Sources */ = {isa = PBXBuildFile; fileRef = 504858101F7104AF00D57AD5 /* kakaoTest.swift */; };
		5084A6C61F68FC3400629A59 /* main.swift in Sources */ = {isa = PBXBuildFile; fileRef = 5084A6C51F68FC3400629A59 /* main.swift */; };
		50C33A981F6BB17700741AB8 /* KaKaoDemo.swift in Sources */ = {isa = PBXBuildFile; fileRef = 50C33A971F6BB17700741AB8 /* KaKaoDemo.swift */; };
		50C33A9A1F6BB31C00741AB8 /* baekjun.swift in Sources */ = {isa = PBXBuildFile; fileRef = 50C33A991F6BB31C00741AB8 /* baekjun.swift */; };
		50C33A9E1F6CE75300741AB8 /* kakaoAlgorithm.swift in Sources */ = {isa = PBXBuildFile; fileRef = 50C33A9D1F6CE75300741AB8 /* kakaoAlgorithm.swift */; };
/* End PBXBuildFile section */

/* Begin PBXCopyFilesBuildPhase section */
		5084A6C01F68FC3400629A59 /* CopyFiles */ = {
			isa = PBXCopyFilesBuildPhase;
			buildActionMask = 2147483647;
			dstPath = /usr/share/man/man1/;
			dstSubfolderSpec = 0;
			files = (
			);
			runOnlyForDeploymentPostprocessing = 1;
		};
/* End PBXCopyFilesBuildPhase section */

/* Begin PBXFileReference section */
		5048580D1F71044B00D57AD5 /* AlgorithmTest.swift */ = {isa = PBXFileReference; fileEncoding = 4; lastKnownFileType = sourcecode.swift; path = AlgorithmTest.swift; sourceTree = "<group>"; };
		504858101F7104AF00D57AD5 /* kakaoTest.swift */ = {isa = PBXFileReference; fileEncoding = 4; lastKnownFileType = sourcecode.swift; path = kakaoTest.swift; sourceTree = "<group>"; };
		5084A6C21F68FC3400629A59 /* AlgorithmExercise */ = {isa = PBXFileReference; explicitFileType = "compiled.mach-o.executable"; includeInIndex = 0; path = AlgorithmExercise; sourceTree = BUILT_PRODUCTS_DIR; };
		5084A6C51F68FC3400629A59 /* main.swift */ = {isa = PBXFileReference; lastKnownFileType = sourcecode.swift; path = main.swift; sourceTree = "<group>"; };
		50C33A971F6BB17700741AB8 /* KaKaoDemo.swift */ = {isa = PBXFileReference; fileEncoding = 4; lastKnownFileType = sourcecode.swift; path = KaKaoDemo.swift; sourceTree = "<group>"; };
		50C33A991F6BB31C00741AB8 /* baekjun.swift */ = {isa = PBXFileReference; fileEncoding = 4; lastKnownFileType = sourcecode.swift; path = baekjun.swift; sourceTree = "<group>"; };
		50C33A9D1F6CE75300741AB8 /* kakaoAlgorithm.swift */ = {isa = PBXFileReference; fileEncoding = 4; lastKnownFileType = sourcecode.swift; path = kakaoAlgorithm.swift; sourceTree = "<group>"; };
/* End PBXFileReference section */

/* Begin PBXFrameworksBuildPhase section */
		5084A6BF1F68FC3400629A59 /* Frameworks */ = {
			isa = PBXFrameworksBuildPhase;
			buildActionMask = 2147483647;
			files = (
			);
			runOnlyForDeploymentPostprocessing = 0;
		};
/* End PBXFrameworksBuildPhase section */

/* Begin PBXGroup section */
		5048580F1F7104A000D57AD5 /* Kakao */ = {
			isa = PBXGroup;
			children = (
				50C33A9D1F6CE75300741AB8 /* kakaoAlgorithm.swift */,
				50C33A971F6BB17700741AB8 /* KaKaoDemo.swift */,
				504858101F7104AF00D57AD5 /* kakaoTest.swift */,
			);
			name = Kakao;
			sourceTree = "<group>";
		};
		5084A6B91F68FC3400629A59 = {
			isa = PBXGroup;
			children = (
				5084A6C41F68FC3400629A59 /* AlgorithmExercise */,
				5084A6C31F68FC3400629A59 /* Products */,
			);
			sourceTree = "<group>";
		};
		5084A6C31F68FC3400629A59 /* Products */ = {
			isa = PBXGroup;
			children = (
				5084A6C21F68FC3400629A59 /* AlgorithmExercise */,
			);
			name = Products;
			sourceTree = "<group>";
		};
		5084A6C41F68FC3400629A59 /* AlgorithmExercise */ = {
			isa = PBXGroup;
			children = (
				5084A6C51F68FC3400629A59 /* main.swift */,
				5048580D1F71044B00D57AD5 /* AlgorithmTest.swift */,
				5048580F1F7104A000D57AD5 /* Kakao */,
				50C33A991F6BB31C00741AB8 /* baekjun.swift */,
			);
			path = AlgorithmExercise;
			sourceTree = "<group>";
		};
/* End PBXGroup section */

/* Begin PBXNativeTarget section */
		5084A6C11F68FC3400629A59 /* AlgorithmExercise */ = {
			isa = PBXNativeTarget;
			buildConfigurationList = 5084A6C91F68FC3400629A59 /* Build configuration list for PBXNativeTarget "AlgorithmExercise" */;
			buildPhases = (
				5084A6BE1F68FC3400629A59 /* Sources */,
				5084A6BF1F68FC3400629A59 /* Frameworks */,
				5084A6C01F68FC3400629A59 /* CopyFiles */,
			);
			buildRules = (
			);
			dependencies = (
			);
			name = AlgorithmExercise;
			productName = AlgorithmExercise;
			productReference = 5084A6C21F68FC3400629A59 /* AlgorithmExercise */;
			productType = "com.apple.product-type.tool";
		};
/* End PBXNativeTarget section */

/* Begin PBXProject section */
		5084A6BA1F68FC3400629A59 /* Project object */ = {
			isa = PBXProject;
			attributes = {
				LastSwiftUpdateCheck = 0820;
				LastUpgradeCheck = 0820;
				ORGANIZATIONNAME = "이미정";
				TargetAttributes = {
					5084A6C11F68FC3400629A59 = {
						CreatedOnToolsVersion = 8.2.1;
						ProvisioningStyle = Automatic;
					};
				};
			};
			buildConfigurationList = 5084A6BD1F68FC3400629A59 /* Build configuration list for PBXProject "AlgorithmExercise" */;
			compatibilityVersion = "Xcode 3.2";
			developmentRegion = English;
			hasScannedForEncodings = 0;
			knownRegions = (
				en,
			);
			mainGroup = 5084A6B91F68FC3400629A59;
			productRefGroup = 5084A6C31F68FC3400629A59 /* Products */;
			projectDirPath = "";
			projectRoot = "";
			targets = (
				5084A6C11F68FC3400629A59 /* AlgorithmExercise */,
			);
		};
/* End PBXProject section */

/* Begin PBXSourcesBuildPhase section */
		5084A6BE1F68FC3400629A59 /* Sources */ = {
			isa = PBXSourcesBuildPhase;
			buildActionMask = 2147483647;
			files = (
				50C33A9A1F6BB31C00741AB8 /* baekjun.swift in Sources */,
				50C33A9E1F6CE75300741AB8 /* kakaoAlgorithm.swift in Sources */,
				5048580E1F71044B00D57AD5 /* AlgorithmTest.swift in Sources */,
				504858111F7104AF00D57AD5 /* kakaoTest.swift in Sources */,
				5084A6C61F68FC3400629A59 /* main.swift in Sources */,
				50C33A981F6BB17700741AB8 /* KaKaoDemo.swift in Sources */,
			);
			runOnlyForDeploymentPostprocessing = 0;
		};
/* End PBXSourcesBuildPhase section */

/* Begin XCBuildConfiguration section */
		5084A6C71F68FC3400629A59 /* Debug */ = {
			isa = XCBuildConfiguration;
			buildSettings = {
				ALWAYS_SEARCH_USER_PATHS = NO;
				CLANG_ANALYZER_NONNULL = YES;
				CLANG_CXX_LANGUAGE_STANDARD = "gnu++0x";
				CLANG_CXX_LIBRARY = "libc++";
				CLANG_ENABLE_MODULES = YES;
				CLANG_ENABLE_OBJC_ARC = YES;
				CLANG_WARN_BOOL_CONVERSION = YES;
				CLANG_WARN_CONSTANT_CONVERSION = YES;
				CLANG_WARN_DIRECT_OBJC_ISA_USAGE = YES_ERROR;
				CLANG_WARN_DOCUMENTATION_COMMENTS = YES;
				CLANG_WARN_EMPTY_BODY = YES;
				CLANG_WARN_ENUM_CONVERSION = YES;
				CLANG_WARN_INFINITE_RECURSION = YES;
				CLANG_WARN_INT_CONVERSION = YES;
				CLANG_WARN_OBJC_ROOT_CLASS = YES_ERROR;
				CLANG_WARN_SUSPICIOUS_MOVE = YES;
				CLANG_WARN_UNREACHABLE_CODE = YES;
				CLANG_WARN__DUPLICATE_METHOD_MATCH = YES;
				CODE_SIGN_IDENTITY = "-";
				COPY_PHASE_STRIP = NO;
				DEBUG_INFORMATION_FORMAT = dwarf;
				ENABLE_STRICT_OBJC_MSGSEND = YES;
				ENABLE_TESTABILITY = YES;
				GCC_C_LANGUAGE_STANDARD = gnu99;
				GCC_DYNAMIC_NO_PIC = NO;
				GCC_NO_COMMON_BLOCKS = YES;
				GCC_OPTIMIZATION_LEVEL = 0;
				GCC_PREPROCESSOR_DEFINITIONS = (
					"DEBUG=1",
					"$(inherited)",
				);
				GCC_WARN_64_TO_32_BIT_CONVERSION = YES;
				GCC_WARN_ABOUT_RETURN_TYPE = YES_ERROR;
				GCC_WARN_UNDECLARED_SELECTOR = YES;
				GCC_WARN_UNINITIALIZED_AUTOS = YES_AGGRESSIVE;
				GCC_WARN_UNUSED_FUNCTION = YES;
				GCC_WARN_UNUSED_VARIABLE = YES;
				MACOSX_DEPLOYMENT_TARGET = 10.11;
				MTL_ENABLE_DEBUG_INFO = YES;
				ONLY_ACTIVE_ARCH = YES;
				SDKROOT = macosx;
				SWIFT_OPTIMIZATION_LEVEL = "-Onone";
			};
			name = Debug;
		};
		5084A6C81F68FC3400629A59 /* Release */ = {
			isa = XCBuildConfiguration;
			buildSettings = {
				ALWAYS_SEARCH_USER_PATHS = NO;
				CLANG_ANALYZER_NONNULL = YES;
				CLANG_CXX_LANGUAGE_STANDARD = "gnu++0x";
				CLANG_CXX_LIBRARY = "libc++";
				CLANG_ENABLE_MODULES = YES;
				CLANG_ENABLE_OBJC_ARC = YES;
				CLANG_WARN_BOOL_CONVERSION = YES;
				CLANG_WARN_CONSTANT_CONVERSION = YES;
				CLANG_WARN_DIRECT_OBJC_ISA_USAGE = YES_ERROR;
				CLANG_WARN_DOCUMENTATION_COMMENTS = YES;
				CLANG_WARN_EMPTY_BODY = YES;
				CLANG_WARN_ENUM_CONVERSION = YES;
				CLANG_WARN_INFINITE_RECURSION = YES;
				CLANG_WARN_INT_CONVERSION = YES;
				CLANG_WARN_OBJC_ROOT_CLASS = YES_ERROR;
				CLANG_WARN_SUSPICIOUS_MOVE = YES;
				CLANG_WARN_UNREACHABLE_CODE = YES;
				CLANG_WARN__DUPLICATE_METHOD_MATCH = YES;
				CODE_SIGN_IDENTITY = "-";
				COPY_PHASE_STRIP = NO;
				DEBUG_INFORMATION_FORMAT = "dwarf-with-dsym";
				ENABLE_NS_ASSERTIONS = NO;
				ENABLE_STRICT_OBJC_MSGSEND = YES;
				GCC_C_LANGUAGE_STANDARD = gnu99;
				GCC_NO_COMMON_BLOCKS = YES;
				GCC_WARN_64_TO_32_BIT_CONVERSION = YES;
				GCC_WARN_ABOUT_RETURN_TYPE = YES_ERROR;
				GCC_WARN_UNDECLARED_SELECTOR = YES;
				GCC_WARN_UNINITIALIZED_AUTOS = YES_AGGRESSIVE;
				GCC_WARN_UNUSED_FUNCTION = YES;
				GCC_WARN_UNUSED_VARIABLE = YES;
				MACOSX_DEPLOYMENT_TARGET = 10.11;
				MTL_ENABLE_DEBUG_INFO = NO;
				SDKROOT = macosx;
			};
			name = Release;
		};
		5084A6CA1F68FC3400629A59 /* Debug */ = {
			isa = XCBuildConfiguration;
			buildSettings = {
				PRODUCT_NAME = "$(TARGET_NAME)";
				SWIFT_VERSION = 3.0;
			};
			name = Debug;
		};
		5084A6CB1F68FC3400629A59 /* Release */ = {
			isa = XCBuildConfiguration;
			buildSettings = {
				PRODUCT_NAME = "$(TARGET_NAME)";
				SWIFT_VERSION = 3.0;
			};
			name = Release;
		};
/* End XCBuildConfiguration section */

/* Begin XCConfigurationList section */
		5084A6BD1F68FC3400629A59 /* Build configuration list for PBXProject "AlgorithmExercise" */ = {
			isa = XCConfigurationList;
			buildConfigurations = (
				5084A6C71F68FC3400629A59 /* Debug */,
				5084A6C81F68FC3400629A59 /* Release */,
			);
			defaultConfigurationIsVisible = 0;
			defaultConfigurationName = Release;
		};
		5084A6C91F68FC3400629A59 /* Build configuration list for PBXNativeTarget "AlgorithmExercise" */ = {
			isa = XCConfigurationList;
			buildConfigurations = (
				5084A6CA1F68FC3400629A59 /* Debug */,
				5084A6CB1F68FC3400629A59 /* Release */,
			);
			defaultConfigurationIsVisible = 0;
			defaultConfigurationName = Release;
		};
/* End XCConfigurationList section */
	};
	rootObject = 5084A6BA1F68FC3400629A59 /* Project object */;
}
